
Microsoft Visual Studio Solution File, Format Version 12.00
# Visual Studio 14
VisualStudioVersion = 14.0.25420.1
MinimumVisualStudioVersion = 10.0.40219.1
Project("{2150E333-8FDC-42A3-9474-1A3956D46DE8}") = "src", "src", "{69CF69D5-A9A3-465E-B6E4-25AC83894AB4}"
EndProject
Project("{2150E333-8FDC-42A3-9474-1A3956D46DE8}") = "Solution Items", "Solution Items", "{A9D61D07-0055-40B4-BA18-A507EBA9C551}"
	ProjectSection(SolutionItems) = preProject
		global.json = global.json
	EndProjectSection
EndProject
Project("{8BB2217D-0F2D-49D1-97BC-3654ED321F3B}") = "TokenAuthAspcore", "src\TokenAuthAspcore\TokenAuthAspcore.xproj", "{262F897A-16DB-48E1-8B9E-242F0FFA0F93}"
EndProject
Global
	GlobalSection(SolutionConfigurationPlatforms) = preSolution
		Debug|Any CPU = Debug|Any CPU
		Release|Any CPU = Release|Any CPU
	EndGlobalSection
	GlobalSection(ProjectConfigurationPlatforms) = postSolution
		{262F897A-16DB-48E1-8B9E-242F0FFA0F93}.Debug|Any CPU.ActiveCfg = Debug|Any CPU
		{262F897A-16DB-48E1-8B9E-242F0FFA0F93}.Debug|Any CPU.Build.0 = Debug|Any CPU
		{262F897A-16DB-48E1-8B9E-242F0FFA0F93}.Release|Any CPU.ActiveCfg = Release|Any CPU
		{262F897A-16DB-48E1-8B9E-242F0FFA0F93}.Release|Any CPU.Build.0 = Release|Any CPU
	EndGlobalSection
	GlobalSection(SolutionProperties) = preSolution
		HideSolutionNode = FALSE
	EndGlobalSection
	GlobalSection(NestedProjects) = preSolution
		{262F897A-16DB-48E1-8B9E-242F0FFA0F93} = {69CF69D5-A9A3-465E-B6E4-25AC83894AB4}
	EndGlobalSection
EndGlobal
